{
    "_meta": {
        "hash": {
            "sha256": "32a39c1c542df78fce56d9b4c7cf3eeb34384740e5e1c135cda17c3591eee8c3"
        },
        "pipfile-spec": 6,
        "requires": {
            "python_version": "3.8"
        },
        "sources": [
            {
                "name": "pypi",
                "url": "https://pypi.org/simple",
                "verify_ssl": true
            }
        ]
    },
    "default": {
        "casadi": {
            "hashes": [
                "sha256:035c643f12004bc72ed85102e982072292690215b34226330787a98b52387e1f",
                "sha256:16981786a1d101a72347d99d90babd0eedaef2bb9fe653a5a025cf3ef14928d5",
                "sha256:337ac8c8a43dafaffd1d84909b5ffed3a5436f48dc65aa34df7b05a81814ea92",
                "sha256:3719ae0d30bc549dc2ed9332f1c22d6477caeb1a8eb12fae74ec5a95fe0d0eb0",
                "sha256:3aa0a597063ed4ad207b9ff05e73a8ea19913f79df737b7ffe184452d4cbe8cc",
                "sha256:45574d3cac904cb4b07281a5ded932a8229d52e50265fd8cc4feac0f43460dd1",
                "sha256:56b69821b9d881ca43ee9ee3cc6384a825df7f19d078afeebb64d975051ccd37",
                "sha256:5a8ec8854aea2ddbc05d87dfe9316a6718694ca32ea48705d56f01eb255e3610",
                "sha256:6e3f08d9781541417338c97e7fec20cccf0f238cb26a653cf435b37da42f7617",
                "sha256:76cdaabe268b2f5c9c1fa55b074ea55ee3bec4d04152fe9b0717c5e905e8dade",
                "sha256:89e64104db217b36bad6526a0278920e7b7b93971570daac156564289e993e23",
                "sha256:ad36943d951e4a29fb0077fa604f015da7693a9a46a6c972198d8d999f3b8a0e",
                "sha256:b17e6a75377d5e652c0bef0da8f8483d589136df920d863b8c81a0d37f723a44",
                "sha256:b903cd66eacfc13ce1f8a4a8059a95fb51048f3264dd9b1f37df36994fc63716",
                "sha256:cd7429a3a7d9a2453a786f48dd01c4c343f24c292c7d68c75351f96d8403ebb0",
                "sha256:ce9662647f817ad5d6da6df7715210334d88a9622d14ba0b04e18346642b1702",
                "sha256:d5f4b3cec820ad9155f8f9ac717bfa13fcd9fa99f5a87784cce42fc93de0dd7b",
                "sha256:df50a3b794602b00c2d98d353dc0886ad6ec5f827aff977494782b4a0c64d86f",
                "sha256:e00585809d0156623daa8141dc2f84cc7d5b8203211b05d519ed4ad1fb544073",
                "sha256:f368300de9068a785d8cf7fe18c9600a0bd8047fd2644bcdb9eb49530f82b7f3",
                "sha256:f60e141486c4ba8c9302124da1fed024c28c1b44b0c7bbc43b10af0265b1a627",
                "sha256:f96f4a7f61b6b223e545c73121d8044a6009262d6b2b38d29e7a66e677aaa875"
            ],
            "index": "pypi",
            "version": "==3.5.1"
        },
        "certifi": {
            "hashes": [
                "sha256:78884e7c1d4b00ce3cea67b44566851c4343c120abd683433ce934a68ea58872",
                "sha256:d62a0163eb4c2344ac042ab2bdf75399a71a2d8c7d47eac2e2ee91b9d6339569"
            ],
            "version": "==2021.10.8"
        },
        "cycler": {
            "hashes": [
                "sha256:3a27e95f763a428a739d2add979fa7494c912a32c17c4c38c4d5f082cad165a3",
                "sha256:9c87405839a19696e837b3b818fed3f5f69f16f1eec1a1ad77e043dcea9c772f"
            ],
            "markers": "python_version >= '3.6'",
            "version": "==0.11.0"
        },
        "cython": {
            "hashes": [
                "sha256:004387d8b94c64681ee05660d6a234e125396097726cf2f419c0fa2ac38034d6",
                "sha256:0378a14d2580dcea234d7a2dc8d75f60c091105885096e6dd5b032be97542c16",
                "sha256:03b749e4f0bbf631cee472add2806d338a7d496f8383f6fb28cc5fdc34b7fdb8",
                "sha256:05edfa51c0ff31a8df3cb291b90ca93ab499686d023b9b81c216cd3509f73def",
                "sha256:076aa8da83383e2bed0ca5f92c13a7e76e684bc41fe8e438bbed735f5b1c2731",
                "sha256:09448aadb818387160ca4d1e1b82dbb7001526b6d0bed7529c4e8ac12e3b6f4c",
                "sha256:1612d7439590ba3b8de5f907bf0e54bd8e024eafb8c59261531a7988030c182d",
                "sha256:16f2e74fcac223c53e298ecead62c353d3cffa107bea5d8232e4b2ba40781634",
                "sha256:26d8d0ededca42be50e0ac377c08408e18802b1391caa3aea045a72c1bff47ac",
                "sha256:31465dce7fd3f058d02afb98b13af962848cc607052388814428dc801cc26f57",
                "sha256:33b69ac9bbf2b93d8cae336cfe48889397a857e6ceeb5cef0b2f0b31b6c54f2b",
                "sha256:341917bdb2c95bcf8322aacfe50bbe6b4794880b16fa8b2300330520e123a5e5",
                "sha256:43eca77169f855dd04be11921a585c8854a174f30bc925257e92bc7b9197fbd2",
                "sha256:49076747b731ed78acf203666c3b3c5d664754ea01ca4527f62f6d8675703688",
                "sha256:4b3089255b6b1cc69e4b854626a41193e6acae5332263d24707976b3cb8ca644",
                "sha256:5658fa477e80d96c49d5ff011938dd4b62da9aa428f771b91f1a7c49af45aad8",
                "sha256:59f4e86b415620a097cf0ec602adf5a7ee3cc33e8220567ded96566f753483f8",
                "sha256:5e82f6b3dc2133b2e0e2c5c63d352d40a695e40cc7ed99f4cbe83334bcf9ab39",
                "sha256:6626f9691ce2093ccbcc9932f449efe3b6e1c893b556910881d177c61612e8ff",
                "sha256:75686c586e37b1fed0fe4a2c053474f96fc07da0063bbfc98023454540515d31",
                "sha256:7962a78ceb80cdec21345fb5088e675060fa65982030d446069f2d675d30e3cd",
                "sha256:9d39ee7ddef6856413f950b8959e852d83376d9db1c509505e3f4873df32aa70",
                "sha256:9f2b7c86a73db0d8dbbd885fe67f04c7b787df37a3848b9867270d3484101fbd",
                "sha256:a0ed39c63ba52edd03a39ea9d6da6f5326aaee5d333c317feba543270a1b3af5",
                "sha256:a3b27812ac9e9737026bfbb1dd47434f3e84013f430bafe1c6cbaf1cd51b5518",
                "sha256:b6c77cc24861a33714e74212abfab4e54bf42e1ad602623f193b8e369389af2f",
                "sha256:c9848a423a14e8f51bd4bbf8e2ff37031764ce66bdc7c6bc06c70d4084eb23c7",
                "sha256:d6036f6a5a0c7fb1af88889872268b15bf20dd9cefe33a6602d79ba18b8db20f",
                "sha256:d6fac2342802c30e51426828fe084ff4deb1b3387367cf98976bb2e64b6f8e45",
                "sha256:d7c98727397c2547a56aa0c3c98140f1873c69a0642edc9446c6c870d0d8a5b5",
                "sha256:d7d7beb600d5dd551e9322e1393b74286f4a3d4aa387f7bfbaccc1495a98603b",
                "sha256:ded4fd3da4dee2f4414c35214244e29befa7f6fede3e9be317e765169df2cbc7",
                "sha256:e24bd94946ffa37f30fcb865f2340fb6d429a3c7bf87b47b22f7d22e0e68a15c",
                "sha256:e9cc6af0c9c477c5e175e807dce439509934efefc24ea2da9fced7fbc8170591",
                "sha256:ed32c206e1d68056a34b21d2ec0cf0f23d338d6531476a68c73e21e20bd7bb63",
                "sha256:fdcef7abb09fd827691e3abe6fd42c6c34beaccfa0bc2df6074f0a49949df6a8"
            ],
            "markers": "python_version >= '2.6' and python_version not in '3.0, 3.1, 3.2'",
            "version": "==0.29.28"
        },
        "joblib": {
            "hashes": [
                "sha256:4158fcecd13733f8be669be0683b96ebdbbd38d23559f54dca7205aea1bf1e35",
                "sha256:f21f109b3c7ff9d95f8387f752d0d9c34a02aa2f7060c2135f465da0e5160ff6"
            ],
            "markers": "python_version >= '3.6'",
            "version": "==1.1.0"
        },
        "kiwisolver": {
            "hashes": [
                "sha256:139c75216e5875ee5f8f4f7adcc3cd339f46f0d66bda2e10d8d21386d635476f",
                "sha256:14f43edc25daa0646d4b4e86c2ebdd32d785ab73a65a570130a3d234a4554b07",
                "sha256:17ec8bd4e162fd0a8723467395c5bb16fd665a528b78e9339886c82965ed8efb",
                "sha256:199f32bf6f3d3e2246024326497513c5c49c62aecee86f0ac019f5991978d505",
                "sha256:1cf8c81e8a5fb4f5dcbd473fdb619b895313d29b7c60e4545827dcc6efbd8efc",
                "sha256:2467fe5fff6ed2a728e10dca9b1f37e9b911ca5b228a7d8990c8e3abf80c1724",
                "sha256:313724e85fd14d581a939fa02424f4dc772fd914bc04499a8a6377d47313b966",
                "sha256:334a7e3d498a0a791245f0964c746d0414e9b13aef73237f0d798a2101fdbae9",
                "sha256:34e2e39a219b203fa3a82af5b9f8d386a8718677de7a9b82a9634e292a8f4e0a",
                "sha256:384b5076b2c0172003abca9ba8b8c5efcaaffd31616f3f5e0a09dcc34772d012",
                "sha256:3891527ec51b0365bb50de9bf826ce3d5b1adc276685b2779889762437bbd359",
                "sha256:38ebc0cb30ed2f59bd15e23591a53698005123e90e880f1af4600fcdbe4912e1",
                "sha256:4471a48f53d20d49f263ca888aab77b754525ef35e6767657e1a44a724a8b0af",
                "sha256:4b70f0729947d6327cd659e1b3477ced44a317a4ba441238b2a3642990f0ebd7",
                "sha256:576ba51b9f4e4d0d583c1cd257f53397bdc5e66a5e49fe68712f658426115777",
                "sha256:5ca92de8e48678a2cbbd90adb10773e3553bb9fd1c090bf0dfe5fc3337a181ea",
                "sha256:5ecf82bb25cec7df4bfcf37afe49f6f6202b4fa4029be7cb0848ed319c72d356",
                "sha256:65cbdbe14dc5988e362eb15e02dd24c6724238cb235132f812f1e3a29a61a3de",
                "sha256:676f9fac93f97f529dc80b5d6731099fad337549408e8bdd929343b7cb679797",
                "sha256:6bf0080449d6ea39b817d85abd2c20d2d42fd9b1587544d64371d28d93c379cf",
                "sha256:6c19457f58941da61681efaabd5b1c37893108a2f922b9b19538f6921911186d",
                "sha256:70e7b7a4ebeddef423115ea31857732fc04e0f38dd1e6385e1af05b6164a3d0f",
                "sha256:71d44a6a59ea53d41e5950a42ec496fa821bd86f292fb3e10aa1b3932ecfc65e",
                "sha256:734e943ae519cdb8534d9053f478417c525ec921c06896ec7119e65d9ea4a687",
                "sha256:7508b01e211178a85d21f1f87029846b77b2404a4c68cbd14748d4d4142fa3b8",
                "sha256:87367ba1ad3819f7189fe8faff5f75a7603f526576033e7b86e10b598f8790b2",
                "sha256:895b2df026006ff7434b03ca495983d0d26da96f6d58414c77d616747ee77e34",
                "sha256:8cd1f81bc35ec24cb82a7d0b805521e3d71b25b8a493d5810d18dc29644c6ef8",
                "sha256:8f63b981678ca894bb665bcd5043bde2c9ba600e69df730c1ceeadd73ddbcb8c",
                "sha256:925a32900fc16430ba0dec2c0fca2e776eaf2fdc0930d5552be0a59e23304001",
                "sha256:97372c837add54e3e64a811464b14bb01428c4e9256072b6296f04157ea23246",
                "sha256:9b4d1db32a4f1682df1480fd68eb1400235ac8f9ad8932e1624fdb23eb891904",
                "sha256:a0a6f3d5063e7fd6662e4773778ad2cb36e598abc6eb171af4a072ca86b441d0",
                "sha256:af6a7c956a45ee721e4263f5823e1a3b2e6b21a7e2b3646b3794e000620609d0",
                "sha256:b1ff5582bf55e85728119c5a23f695b8e408e15eee7d0f5effe0ee8ad1f8b523",
                "sha256:bb997d1631b20745b18674d68dd6f1d9d45db512efd5fe0f162a5d4a6bbdd211",
                "sha256:c29496625c61e18d97a6f6c2f2a55759ca8290fc21a751bc57824599c431c0d2",
                "sha256:caff7ae6fb6dce2f520b2d46efc801605fa1378fb19bb4580aebc6174eab05a0",
                "sha256:cbf9aa926de224af15c974750fecdc7d2c0043428372acaaf61216e202abbf21",
                "sha256:cd0223a3a4ddcc0d0e06c6cfeb0adde2bc19c08b4c7fc79d48dac2486a4b115b",
                "sha256:daf2030bf18c21bf91fa9cf6a403a765519c9168bd7a91ba1d66d5c7f70ded1e",
                "sha256:ed30c5e58e578a2981c67346b2569e04120d1b80fa6906c207fe824d24603313",
                "sha256:ed937691f522cc2362c280c903837a4e35195659b9935b598e3cd448db863605"
            ],
            "markers": "python_version >= '3.7'",
            "version": "==1.4.0"
        },
        "matplotlib": {
            "hashes": [
                "sha256:0dc15e1ad84ec06bf0c315e6c4c2cced13a21ce4c2b4955bb75097064a4b1e92",
                "sha256:1507c2a8e4662f6fa1d3ecc760782b158df8a3244ecc21c1d8dbb1cd0b3f872e",
                "sha256:1f9cf2b8500b833714a193cb24281153f5072d55b2e486009f1e81f0b7da3410",
                "sha256:233bef5e3b3494f3b7057595ca814f23ba0ce67a03632ddf677be5132128b3db",
                "sha256:2375f039b8c6ad6c1d03f01bf31f086bbbf997bf25e246f3b67f69969cde3d98",
                "sha256:24392ac1a382ed753505286f1a1483bcfd67ed0c72d51be10c4c2013e386d0b7",
                "sha256:282f8a077a1217f9f2ac178596f27c1ae94abbc6e7b785e1b8f25e83918e9199",
                "sha256:2c3619ec2a5ead430a4536ebf8c77ea55d8ce36418919f831d35bc657ed5f27e",
                "sha256:5a42c84264a1acbbf01c073a7bd05a0e80d99f94f10020d613b1b0526af9dcc2",
                "sha256:636c6330a7dcb18bac114dbeaff314fbbb0c11682f9a9601de69a50e331d18d7",
                "sha256:6739b6cd9278d5cb337df0bd4400ad37bbd04c6dc7aa2c65e1e83a02bc4cc6fd",
                "sha256:6d0f03079f655ca0a2d2e0bf49c28e1ec43d9d544c33d8da1a88765f23018ecc",
                "sha256:73a493e340064e8fe03207d9333b68baca30d9f0da543ae4af6b6b4f13f0fe05",
                "sha256:79f0c4730ad422ecb6bda814c9a9b375df36d6bd5a49eaa14e92e5f5e3e95ac3",
                "sha256:83ae7261f4d5ab387be2caee29c4f499b1566f31c8ac97a0b8ab61afd9e3da92",
                "sha256:87f53bcce90772f942c2db56736788b39332d552461a5cb13f05ff45c1680f0e",
                "sha256:88c6ab4a32a7447dad236b8371612aaba5c967d632ff11999e0478dd687f2c58",
                "sha256:96a5e667308dbf45670370d9dffb974e73b15bac0df0b5f3fb0b0ac7a572290e",
                "sha256:9703bc00a94a94c4e94b2ea0fbfbc9d2bb21159733134639fd931b6606c5c47e",
                "sha256:bc978374b43737f2bbc4a6ec48e52ae8c92be6278a80d0e2ce92f0eb0841f15c",
                "sha256:bd8fceaa3494b531d43b6206966ba15705638137fc2dc5da5ee560cf9476867b",
                "sha256:c4ffb25b9855bdb6cdaf21bbd4ab2c229be539248304ac5215b94c816ea6e32e",
                "sha256:cc2d6b47c8fee89da982a312b54949ec0cd6a7976a8cafb5b62dea6c9883a14d",
                "sha256:e4d6d3afc454b4afc0d9d0ed52a8fa40a1b0d8f33c8e143e49a5833a7e32266b",
                "sha256:f62c0b9a5d38c26673a8862cbae4d26cffcda260848e4278246b4e00f5a95eaf",
                "sha256:fab11637734eb14affb9c5e20d44d69429c18b49595d6e67c69295de24827fc4",
                "sha256:ffbae66e2db70dc330cb3299525f97e1c0efdfc763e04e1a4e08f968c7ad21f0"
            ],
            "index": "pypi",
            "version": "==3.3.1"
        },
        "numpy": {
            "hashes": [
                "sha256:1786a08236f2c92ae0e70423c45e1e62788ed33028f94ca99c4df03f5be6b3c6",
                "sha256:17aa7a81fe7599a10f2b7d95856dc5cf84a4eefa45bc96123cbbc3ebc568994e",
                "sha256:20b26aaa5b3da029942cdcce719b363dbe58696ad182aff0e5dcb1687ec946dc",
                "sha256:2d75908ab3ced4223ccba595b48e538afa5ecc37405923d1fea6906d7c3a50bc",
                "sha256:39d2c685af15d3ce682c99ce5925cc66efc824652e10990d2462dfe9b8918c6a",
                "sha256:56bc8ded6fcd9adea90f65377438f9fea8c05fcf7c5ba766bef258d0da1554aa",
                "sha256:590355aeade1a2eaba17617c19edccb7db8d78760175256e3cf94590a1a964f3",
                "sha256:70a840a26f4e61defa7bdf811d7498a284ced303dfbc35acb7be12a39b2aa121",
                "sha256:77c3bfe65d8560487052ad55c6998a04b654c2fbc36d546aef2b2e511e760971",
                "sha256:9537eecf179f566fd1c160a2e912ca0b8e02d773af0a7a1120ad4f7507cd0d26",
                "sha256:9acdf933c1fd263c513a2df3dceecea6f3ff4419d80bf238510976bf9bcb26cd",
                "sha256:ae0975f42ab1f28364dcda3dde3cf6c1ddab3e1d4b2909da0cb0191fa9ca0480",
                "sha256:b3af02ecc999c8003e538e60c89a2b37646b39b688d4e44d7373e11c2debabec",
                "sha256:b6ff59cee96b454516e47e7721098e6ceebef435e3e21ac2d6c3b8b02628eb77",
                "sha256:b765ed3930b92812aa698a455847141869ef755a87e099fddd4ccf9d81fffb57",
                "sha256:c98c5ffd7d41611407a1103ae11c8b634ad6a43606eca3e2a5a269e5d6e8eb07",
                "sha256:cf7eb6b1025d3e169989416b1adcd676624c2dbed9e3bcb7137f51bfc8cc2572",
                "sha256:d92350c22b150c1cae7ebb0ee8b5670cc84848f6359cf6b5d8f86617098a9b73",
                "sha256:e422c3152921cece8b6a2fb6b0b4d73b6579bd20ae075e7d15143e711f3ca2ca",
                "sha256:e840f552a509e3380b0f0ec977e8124d0dc34dc0e68289ca28f4d7c1d0d79474",
                "sha256:f3d0a94ad151870978fb93538e95411c83899c9dc63e6fb65542f769568ecfa5"
            ],
            "index": "pypi",
            "version": "==1.18.1"
        },
        "pillow": {
            "hashes": [
                "sha256:011233e0c42a4a7836498e98c1acf5e744c96a67dd5032a6f666cc1fb97eab97",
                "sha256:0f29d831e2151e0b7b39981756d201f7108d3d215896212ffe2e992d06bfe049",
                "sha256:12875d118f21cf35604176872447cdb57b07126750a33748bac15e77f90f1f9c",
                "sha256:14d4b1341ac07ae07eb2cc682f459bec932a380c3b122f5540432d8977e64eae",
                "sha256:1c3c33ac69cf059bbb9d1a71eeaba76781b450bc307e2291f8a4764d779a6b28",
                "sha256:1d19397351f73a88904ad1aee421e800fe4bbcd1aeee6435fb62d0a05ccd1030",
                "sha256:253e8a302a96df6927310a9d44e6103055e8fb96a6822f8b7f514bb7ef77de56",
                "sha256:2632d0f846b7c7600edf53c48f8f9f1e13e62f66a6dbc15191029d950bfed976",
                "sha256:335ace1a22325395c4ea88e00ba3dc89ca029bd66bd5a3c382d53e44f0ccd77e",
                "sha256:413ce0bbf9fc6278b2d63309dfeefe452835e1c78398efb431bab0672fe9274e",
                "sha256:5100b45a4638e3c00e4d2320d3193bdabb2d75e79793af7c3eb139e4f569f16f",
                "sha256:514ceac913076feefbeaf89771fd6febde78b0c4c1b23aaeab082c41c694e81b",
                "sha256:528a2a692c65dd5cafc130de286030af251d2ee0483a5bf50c9348aefe834e8a",
                "sha256:6295f6763749b89c994fcb6d8a7f7ce03c3992e695f89f00b741b4580b199b7e",
                "sha256:6c8bc8238a7dfdaf7a75f5ec5a663f4173f8c367e5a39f87e720495e1eed75fa",
                "sha256:718856856ba31f14f13ba885ff13874be7fefc53984d2832458f12c38205f7f7",
                "sha256:7f7609a718b177bf171ac93cea9fd2ddc0e03e84d8fa4e887bdfc39671d46b00",
                "sha256:80ca33961ced9c63358056bd08403ff866512038883e74f3a4bf88ad3eb66838",
                "sha256:80fe64a6deb6fcfdf7b8386f2cf216d329be6f2781f7d90304351811fb591360",
                "sha256:81c4b81611e3a3cb30e59b0cf05b888c675f97e3adb2c8672c3154047980726b",
                "sha256:855c583f268edde09474b081e3ddcd5cf3b20c12f26e0d434e1386cc5d318e7a",
                "sha256:9bfdb82cdfeccec50aad441afc332faf8606dfa5e8efd18a6692b5d6e79f00fd",
                "sha256:a5d24e1d674dd9d72c66ad3ea9131322819ff86250b30dc5821cbafcfa0b96b4",
                "sha256:a9f44cd7e162ac6191491d7249cceb02b8116b0f7e847ee33f739d7cb1ea1f70",
                "sha256:b5b3f092fe345c03bca1e0b687dfbb39364b21ebb8ba90e3fa707374b7915204",
                "sha256:b9618823bd237c0d2575283f2939655f54d51b4527ec3972907a927acbcc5bfc",
                "sha256:cef9c85ccbe9bee00909758936ea841ef12035296c748aaceee535969e27d31b",
                "sha256:d21237d0cd37acded35154e29aec853e945950321dd2ffd1a7d86fe686814669",
                "sha256:d3c5c79ab7dfce6d88f1ba639b77e77a17ea33a01b07b99840d6ed08031cb2a7",
                "sha256:d9d7942b624b04b895cb95af03a23407f17646815495ce4547f0e60e0b06f58e",
                "sha256:db6d9fac65bd08cea7f3540b899977c6dee9edad959fa4eaf305940d9cbd861c",
                "sha256:ede5af4a2702444a832a800b8eb7f0a7a1c0eed55b644642e049c98d589e5092",
                "sha256:effb7749713d5317478bb3acb3f81d9d7c7f86726d41c1facca068a04cf5bb4c",
                "sha256:f154d173286a5d1863637a7dcd8c3437bb557520b01bddb0be0258dcb72696b5",
                "sha256:f25ed6e28ddf50de7e7ea99d7a976d6a9c415f03adcaac9c41ff6ff41b6d86ac"
            ],
            "markers": "python_version >= '3.7'",
            "version": "==9.0.1"
        },
        "pyparsing": {
            "hashes": [
                "sha256:18ee9022775d270c55187733956460083db60b37d0d0fb357445f3094eed3eea",
                "sha256:a6c06a88f252e6c322f65faf8f418b16213b51bdfaece0524c1c1bc30c63c484"
            ],
            "markers": "python_version >= '3.6'",
            "version": "==3.0.7"
        },
        "python-dateutil": {
            "hashes": [
                "sha256:0123cacc1627ae19ddf3c27a5de5bd67ee4586fbdd6440d9748f8abb483d3e86",
                "sha256:961d03dc3453ebbc59dbdea9e4e11c5651520a876d0f4db161e8674aae935da9"
            ],
            "markers": "python_version >= '2.7' and python_version not in '3.0, 3.1, 3.2'",
            "version": "==2.8.2"
        },
        "quadprog": {
            "hashes": [
                "sha256:f308b9a4f0368c956fd48e480dfadad7a9497ed7c1bb3059a2777b7deb4fbff9"
            ],
            "version": "==0.1.7"
        },
        "scikit-learn": {
            "hashes": [
                "sha256:04799686060ecbf8992f26a35be1d99e981894c8c7860c1365cda4200f954a16",
                "sha256:058d213092de4384710137af1300ed0ff030b8c40459a6c6f73c31ccd274cc39",
                "sha256:0c3464e46ef8bd4f1bfa5c009648c6449412c8f7e9b3fc0c9e3d800139c48827",
                "sha256:0e7b55f73b35537ecd0d19df29dd39aa9e076dba78f3507b8136c819d84611fd",
                "sha256:16feae4361be6b299d4d08df5a30956b4bfc8eadf173fe9258f6d59630f851d4",
                "sha256:244ca85d6eba17a1e6e8a66ab2f584be6a7784b5f59297e3d7ff8c7983af627c",
                "sha256:3e6e92b495eee193a8fa12a230c9b7976ea0fc1263719338e35c986ea1e42cff",
                "sha256:5bcea4d6ee431c814261117281363208408aa4e665633655895feb059021aca6",
                "sha256:93f56abd316d131645559ec0ab4f45e3391c2ccdd4eadaa4912f4c1e0a6f2c96",
                "sha256:9e04c0811ea92931ee8490d638171b8cb2f21387efcfff526bbc8c2a3da60f1c",
                "sha256:bded94236e16774385202cafd26190ce96db18e4dc21e99473848c61e4fdc400",
                "sha256:c2fa33d20408b513cf432505c80e6eb4bf4d71434f1ae36680765d4a2c2a16ec",
                "sha256:e3fec1c8831f8f93ad85581ca29ca1bb88e2da377fb097cf8322aa89c21bc9b8",
                "sha256:e585682e37f2faa81ad6cd4472fff646bf2fd0542147bec93697a905db8e6bd2",
                "sha256:e9879ba9e64ec3add41bf201e06034162f853652ef4849b361d73b0deb3153ad",
                "sha256:ebe853e6f318f9d8b3b74dd17e553720d35646eff675a69eeaed12fbbbb07daa"
            ],
            "index": "pypi",
            "version": "==0.23.1"
        },
        "scipy": {
            "hashes": [
                "sha256:0b8c9dc042b9a47912b18b036b4844029384a5b8d89b64a4901ac3e06876e5f6",
                "sha256:18ad034be955df046b5a27924cdb3db0e8e1d76aaa22c635403fe7aee17f1482",
                "sha256:225d0b5e140bb66df23d438c7b535303ce8e533f94454f4e5bde5f8d109103ea",
                "sha256:2f690ba68ed7caa7c30b6dc48c1deed22c78f3840fa4736083ef4f2bd8baa19e",
                "sha256:4b8746f4a755bdb2eeb39d6e253a60481e165cfd74fdfb54d27394bd2c9ec8ac",
                "sha256:4ba2ce1a58fe117e993cf316a149cf9926c7c5000c0cdc4bc7c56ae8325612f6",
                "sha256:546f0dc020b155b8711159d53c87b36591d31f3327c47974a4fb6b50d91589c2",
                "sha256:583f2ccd6a112656c9feb2345761d2b19e9213a094cfced4e7d2c1cae4173272",
                "sha256:64bf4e8ae0db2d42b58477817f648d81e77f0b381d0ea4427385bba3f959380a",
                "sha256:7be424ee09bed7ced36c9457f99c826ce199fd0c0f5b272cf3d098ff7b29e3ae",
                "sha256:869465c7ff89fc0a1e2ea1642b0c65f1b3c05030f3a4c0d53d6a57b2dba7c242",
                "sha256:884e619821f47eccd42979488d10fa1e15dbe9f3b7660b1c8c928d203bd3c1a3",
                "sha256:a42b0d02150ef4747e225c31c976a304de5dc8202ec35a27111b7bb8176e5f13",
                "sha256:a70308bb065562afb936c963780deab359966d71ab4f230368b154dde3136ea4",
                "sha256:b01ea5e4cf95a93dc335089f8fbe97852f56fdb74afff238cbdf09793103b6b7",
                "sha256:b7b8cf45f9a48f23084f19deb9384a1cccb5e92fbc879b12f97dc4d56fb2eb92",
                "sha256:bb0899d3f8b9fe8ef95b79210cf0deb6709542889fadaa438eeb3a28001e09e7",
                "sha256:c008f1b58f99f1d1cc546957b3effe448365e0a217df1f1894e358906e91edad",
                "sha256:cfee99d085d562a7e3c4afe51ac1fe9b434363489e565a130459307f30077973",
                "sha256:dfcb0f0a2d8e958611e0b56536285bb435f03746b6feac0e29f045f7c6caf164",
                "sha256:f5d47351aeb1cb6bda14a8908e56648926a6b2d714f89717c71f7ada41282141"
            ],
            "index": "pypi",
            "version": "==1.3.3"
        },
        "six": {
            "hashes": [
                "sha256:1e61c37477a1626458e36f7b1d82aa5c9b094fa4802892072e49de9c60c4c926",
                "sha256:8abb2f1d86890a2dfb989f9a77cfcfd3e47c2a354b01111771326f8aa26e0254"
            ],
            "markers": "python_version >= '2.7' and python_version not in '3.0, 3.1, 3.2'",
            "version": "==1.16.0"
        },
        "threadpoolctl": {
            "hashes": [
                "sha256:8b99adda265feb6773280df41eece7b2e6561b772d21ffd52e372f999024907b",
                "sha256:a335baacfaa4400ae1f0d8e3a58d6674d2f8828e3716bb2802c44955ad391380"
            ],
            "markers": "python_version >= '3.6'",
            "version": "==3.1.0"
        },
        "trajectory-planning-helpers": {
            "hashes": [
                "sha256:b20b5973899e01eaeeb7f04ab6436fb5299770450f4819049561228d19a0ad80",
                "sha256:c0ae0a32d8404cafb453decc3b1c00667841498711bbe85124ecce1841051bb9"
            ],
            "index": "pypi",
            "version": "==0.76"
        }
    },
    "develop": {}
}
